
Microsoft Visual Studio Solution File, Format Version 12.00
# Visual Studio Version 17
VisualStudioVersion = 17.12.35527.113
MinimumVisualStudioVersion = 10.0.40219.1
Project("{FAE04EC0-301F-11D3-BF4B-00C04F79EFBC}") = "Movies.API", "Movies.API\Movies.API.csproj", "{BBDDCC98-FBAF-4F57-8C68-BC0A1040897A}"
EndProject
Project("{FAE04EC0-301F-11D3-BF4B-00C04F79EFBC}") = "IndentityServer", "IndentityServer\IndentityServer.csproj", "{3AD6E8B6-DC16-421B-819A-EDAF108D3B35}"
EndProject
Project("{FAE04EC0-301F-11D3-BF4B-00C04F79EFBC}") = "Movies.Client", "Movies.Client\Movies.Client.csproj", "{EDC7BB10-E721-411C-B676-E06C65D0C274}"
EndProject
Project("{FAE04EC0-301F-11D3-BF4B-00C04F79EFBC}") = "ApiGateway", "ApiGateway\ApiGateway.csproj", "{0A7CA5B0-6992-4270-AEFC-8FF467DADDD7}"
EndProject
Global
	GlobalSection(SolutionConfigurationPlatforms) = preSolution
		Debug|Any CPU = Debug|Any CPU
		Release|Any CPU = Release|Any CPU
	EndGlobalSection
	GlobalSection(ProjectConfigurationPlatforms) = postSolution
		{BBDDCC98-FBAF-4F57-8C68-BC0A1040897A}.Debug|Any CPU.ActiveCfg = Debug|Any CPU
		{BBDDCC98-FBAF-4F57-8C68-BC0A1040897A}.Debug|Any CPU.Build.0 = Debug|Any CPU
		{BBDDCC98-FBAF-4F57-8C68-BC0A1040897A}.Release|Any CPU.ActiveCfg = Release|Any CPU
		{BBDDCC98-FBAF-4F57-8C68-BC0A1040897A}.Release|Any CPU.Build.0 = Release|Any CPU
		{3AD6E8B6-DC16-421B-819A-EDAF108D3B35}.Debug|Any CPU.ActiveCfg = Debug|Any CPU
		{3AD6E8B6-DC16-421B-819A-EDAF108D3B35}.Debug|Any CPU.Build.0 = Debug|Any CPU
		{3AD6E8B6-DC16-421B-819A-EDAF108D3B35}.Release|Any CPU.ActiveCfg = Release|Any CPU
		{3AD6E8B6-DC16-421B-819A-EDAF108D3B35}.Release|Any CPU.Build.0 = Release|Any CPU
		{EDC7BB10-E721-411C-B676-E06C65D0C274}.Debug|Any CPU.ActiveCfg = Debug|Any CPU
		{EDC7BB10-E721-411C-B676-E06C65D0C274}.Debug|Any CPU.Build.0 = Debug|Any CPU
		{EDC7BB10-E721-411C-B676-E06C65D0C274}.Release|Any CPU.ActiveCfg = Release|Any CPU
		{EDC7BB10-E721-411C-B676-E06C65D0C274}.Release|Any CPU.Build.0 = Release|Any CPU
		{0A7CA5B0-6992-4270-AEFC-8FF467DADDD7}.Debug|Any CPU.ActiveCfg = Debug|Any CPU
		{0A7CA5B0-6992-4270-AEFC-8FF467DADDD7}.Debug|Any CPU.Build.0 = Debug|Any CPU
		{0A7CA5B0-6992-4270-AEFC-8FF467DADDD7}.Release|Any CPU.ActiveCfg = Release|Any CPU
		{0A7CA5B0-6992-4270-AEFC-8FF467DADDD7}.Release|Any CPU.Build.0 = Release|Any CPU
	EndGlobalSection
	GlobalSection(SolutionProperties) = preSolution
		HideSolutionNode = FALSE
	EndGlobalSection
EndGlobal
